
Microsoft Visual Studio Solution File, Format Version 12.00
# Visual Studio 15
VisualStudioVersion = 15.0.27130.2024
MinimumVisualStudioVersion = 10.0.40219.1
Project("{9A19103F-16F7-4668-BE54-9A1E7A4F7556}") = "AltezaWebApp", "AltezaWebApp\AltezaWebApp.csproj", "{E46965CE-11BD-4AFC-84ED-2EC1839324C3}"
EndProject
Project("{E53339B2-1760-4266-BCC7-CA923CBCF16C}") = "docker-compose", "docker-compose.dcproj", "{26C48F99-6BED-4737-9CE8-35492AC5BBC5}"
EndProject
Global
	GlobalSection(SolutionConfigurationPlatforms) = preSolution
		Debug|Any CPU = Debug|Any CPU
		Release|Any CPU = Release|Any CPU
	EndGlobalSection
	GlobalSection(ProjectConfigurationPlatforms) = postSolution
		{E46965CE-11BD-4AFC-84ED-2EC1839324C3}.Debug|Any CPU.ActiveCfg = Debug|Any CPU
		{E46965CE-11BD-4AFC-84ED-2EC1839324C3}.Debug|Any CPU.Build.0 = Debug|Any CPU
		{E46965CE-11BD-4AFC-84ED-2EC1839324C3}.Release|Any CPU.ActiveCfg = Release|Any CPU
		{E46965CE-11BD-4AFC-84ED-2EC1839324C3}.Release|Any CPU.Build.0 = Release|Any CPU
		{26C48F99-6BED-4737-9CE8-35492AC5BBC5}.Debug|Any CPU.ActiveCfg = Debug|Any CPU
		{26C48F99-6BED-4737-9CE8-35492AC5BBC5}.Debug|Any CPU.Build.0 = Debug|Any CPU
		{26C48F99-6BED-4737-9CE8-35492AC5BBC5}.Release|Any CPU.ActiveCfg = Release|Any CPU
		{26C48F99-6BED-4737-9CE8-35492AC5BBC5}.Release|Any CPU.Build.0 = Release|Any CPU
	EndGlobalSection
	GlobalSection(SolutionProperties) = preSolution
		HideSolutionNode = FALSE
	EndGlobalSection
	GlobalSection(ExtensibilityGlobals) = postSolution
		SolutionGuid = {049C1325-2EB5-409D-A3C3-1F4A8E882E75}
	EndGlobalSection
EndGlobal
